{
  "name": "crs-view-web",
  "version": "1.0.0",
  "lockfileVersion": 1,
  "requires": true,
  "dependencies": {
    "babel-plugin-component": {
      "version": "0.10.1",
      "resolved": "http://registry.npm.taobao.org/babel-plugin-component/download/babel-plugin-component-0.10.1.tgz",
      "integrity": "sha1-z6wlBF5cbhNT6J8F/1pnWvlxJ1k=",
      "dev": true
    }
  }
}
